
Microsoft Visual Studio Solution File, Format Version 12.00
# Visual Studio Version 16
VisualStudioVersion = 16.0.33027.164
MinimumVisualStudioVersion = 10.0.40219.1
Project("{FAE04EC0-301F-11D3-BF4B-00C04F79EFBC}") = "WindowsFormsApp1", "WindowsFormsApp1.csproj", "{662DC3C4-EA25-4ED1-AC2F-AF91D62A9BF9}"
EndProject
Global
	GlobalSection(SolutionConfigurationPlatforms) = preSolution
		Debug|Any CPU = Debug|Any CPU
		Release|Any CPU = Release|Any CPU
	EndGlobalSection
	GlobalSection(ProjectConfigurationPlatforms) = postSolution
		{662DC3C4-EA25-4ED1-AC2F-AF91D62A9BF9}.Debug|Any CPU.ActiveCfg = Debug|Any CPU
		{662DC3C4-EA25-4ED1-AC2F-AF91D62A9BF9}.Debug|Any CPU.Build.0 = Debug|Any CPU
		{662DC3C4-EA25-4ED1-AC2F-AF91D62A9BF9}.Release|Any CPU.ActiveCfg = Release|Any CPU
		{662DC3C4-EA25-4ED1-AC2F-AF91D62A9BF9}.Release|Any CPU.Build.0 = Release|Any CPU
	EndGlobalSection
	GlobalSection(SolutionProperties) = preSolution
		HideSolutionNode = FALSE
	EndGlobalSection
	GlobalSection(ExtensibilityGlobals) = postSolution
		SolutionGuid = {4D8AA974-662A-4D6F-AEE5-EBCC1C990DCC}
	EndGlobalSection
EndGlobal
